
Microsoft Visual Studio Solution File, Format Version 12.00
# Visual Studio 2012
Project("{FAE04EC0-301F-11D3-BF4B-00C04F79EFBC}") = "VsDebugFx", "VsDebugFx\VsDebugFx.csproj", "{027E1191-A5FD-4E1A-835A-2BAA53D01B36}"
EndProject
Project("{FAE04EC0-301F-11D3-BF4B-00C04F79EFBC}") = "VsDebugFx.Tests", "VsDebugFx.Tests\VsDebugFx.Tests.csproj", "{70EBF400-64F3-44AB-B687-9D1E60C1EDC8}"
EndProject
Global
	GlobalSection(SolutionConfigurationPlatforms) = preSolution
		Debug|Any CPU = Debug|Any CPU
		Release|Any CPU = Release|Any CPU
	EndGlobalSection
	GlobalSection(ProjectConfigurationPlatforms) = postSolution
		{027E1191-A5FD-4E1A-835A-2BAA53D01B36}.Debug|Any CPU.ActiveCfg = Debug|Any CPU
		{027E1191-A5FD-4E1A-835A-2BAA53D01B36}.Debug|Any CPU.Build.0 = Debug|Any CPU
		{027E1191-A5FD-4E1A-835A-2BAA53D01B36}.Release|Any CPU.ActiveCfg = Release|Any CPU
		{027E1191-A5FD-4E1A-835A-2BAA53D01B36}.Release|Any CPU.Build.0 = Release|Any CPU
		{70EBF400-64F3-44AB-B687-9D1E60C1EDC8}.Debug|Any CPU.ActiveCfg = Debug|Any CPU
		{70EBF400-64F3-44AB-B687-9D1E60C1EDC8}.Debug|Any CPU.Build.0 = Debug|Any CPU
		{70EBF400-64F3-44AB-B687-9D1E60C1EDC8}.Release|Any CPU.ActiveCfg = Release|Any CPU
		{70EBF400-64F3-44AB-B687-9D1E60C1EDC8}.Release|Any CPU.Build.0 = Release|Any CPU
	EndGlobalSection
	GlobalSection(SolutionProperties) = preSolution
		HideSolutionNode = FALSE
	EndGlobalSection
EndGlobal
